<Solution>
  <Folder Name="/src/">
    <Project Path="src/Slugger.Cli/Slugger.Cli.csproj" />
    <Project Path="src/Slugger.Core/Slugger.Core.csproj" />
  </Folder>
  <Folder Name="/tests/">
    <Project Path="tests/Slugger.Cli.UnitTests/Slugger.Cli.UnitTests.csproj" />
    <Project Path="tests/Slugger.Core.UnitTests/Slugger.Core.UnitTests.csproj" />
  </Folder>
</Solution>
